
Microsoft Visual Studio Solution File, Format Version 12.00
# Visual Studio 15
VisualStudioVersion = 15.0.27004.2002
MinimumVisualStudioVersion = 10.0.40219.1
Project("{9A19103F-16F7-4668-BE54-9A1E7A4F7556}") = "CIMOB-IPS", "CIMOB-IPS\CIMOB-IPS.csproj", "{7614B682-00CA-4CDC-870D-827804B9F383}"
EndProject
Global
	GlobalSection(SolutionConfigurationPlatforms) = preSolution
		Debug|Any CPU = Debug|Any CPU
		Release|Any CPU = Release|Any CPU
	EndGlobalSection
	GlobalSection(ProjectConfigurationPlatforms) = postSolution
		{7614B682-00CA-4CDC-870D-827804B9F383}.Debug|Any CPU.ActiveCfg = Debug|Any CPU
		{7614B682-00CA-4CDC-870D-827804B9F383}.Debug|Any CPU.Build.0 = Debug|Any CPU
		{7614B682-00CA-4CDC-870D-827804B9F383}.Release|Any CPU.ActiveCfg = Release|Any CPU
		{7614B682-00CA-4CDC-870D-827804B9F383}.Release|Any CPU.Build.0 = Release|Any CPU
	EndGlobalSection
	GlobalSection(SolutionProperties) = preSolution
		HideSolutionNode = FALSE
	EndGlobalSection
	GlobalSection(ExtensibilityGlobals) = postSolution
		SolutionGuid = {74DBA727-81E8-4926-B2F3-1F27808E5237}
	EndGlobalSection
EndGlobal
