
Microsoft Visual Studio Solution File, Format Version 12.00
# Visual Studio 15
VisualStudioVersion = 15.0.27004.2006
MinimumVisualStudioVersion = 10.0.40219.1
Project("{9A19103F-16F7-4668-BE54-9A1E7A4F7556}") = "CIMOB_IPS", "CIMOB_IPS\CIMOB_IPS.csproj", "{7614B682-00CA-4CDC-870D-827804B9F383}"
EndProject
Project("{00D1A9C2-B5F0-4AF3-8072-F6C62B433612}") = "CIMOB_IPS_DB", "CIMOB_IPS_DB\CIMOB_IPS_DB.sqlproj", "{6B72DBB2-A6F4-4A8E-BA2E-A219EA3E808F}"
EndProject
Global
	GlobalSection(SolutionConfigurationPlatforms) = preSolution
		Debug|Any CPU = Debug|Any CPU
		Release|Any CPU = Release|Any CPU
	EndGlobalSection
	GlobalSection(ProjectConfigurationPlatforms) = postSolution
		{7614B682-00CA-4CDC-870D-827804B9F383}.Debug|Any CPU.ActiveCfg = Debug|Any CPU
		{7614B682-00CA-4CDC-870D-827804B9F383}.Debug|Any CPU.Build.0 = Debug|Any CPU
		{7614B682-00CA-4CDC-870D-827804B9F383}.Release|Any CPU.ActiveCfg = Release|Any CPU
		{7614B682-00CA-4CDC-870D-827804B9F383}.Release|Any CPU.Build.0 = Release|Any CPU
		{6B72DBB2-A6F4-4A8E-BA2E-A219EA3E808F}.Debug|Any CPU.ActiveCfg = Debug|Any CPU
		{6B72DBB2-A6F4-4A8E-BA2E-A219EA3E808F}.Debug|Any CPU.Build.0 = Debug|Any CPU
		{6B72DBB2-A6F4-4A8E-BA2E-A219EA3E808F}.Debug|Any CPU.Deploy.0 = Debug|Any CPU
		{6B72DBB2-A6F4-4A8E-BA2E-A219EA3E808F}.Release|Any CPU.ActiveCfg = Release|Any CPU
		{6B72DBB2-A6F4-4A8E-BA2E-A219EA3E808F}.Release|Any CPU.Build.0 = Release|Any CPU
		{6B72DBB2-A6F4-4A8E-BA2E-A219EA3E808F}.Release|Any CPU.Deploy.0 = Release|Any CPU
	EndGlobalSection
	GlobalSection(SolutionProperties) = preSolution
		HideSolutionNode = FALSE
	EndGlobalSection
	GlobalSection(ExtensibilityGlobals) = postSolution
		SolutionGuid = {74DBA727-81E8-4926-B2F3-1F27808E5237}
	EndGlobalSection
EndGlobal
